
Microsoft Visual Studio Solution File, Format Version 12.00
# Visual Studio Version 17
VisualStudioVersion = 17.1.32407.343
MinimumVisualStudioVersion = 10.0.40219.1
Project("{FAE04EC0-301F-11D3-BF4B-00C04F79EFBC}") = "Lesson19052022", "Lesson19052022\Lesson19052022.csproj", "{93E49D31-EFD1-4CA2-90FF-6D944AC70F6C}"
EndProject
Global
	GlobalSection(SolutionConfigurationPlatforms) = preSolution
		Debug|Any CPU = Debug|Any CPU
		Release|Any CPU = Release|Any CPU
	EndGlobalSection
	GlobalSection(ProjectConfigurationPlatforms) = postSolution
		{93E49D31-EFD1-4CA2-90FF-6D944AC70F6C}.Debug|Any CPU.ActiveCfg = Debug|Any CPU
		{93E49D31-EFD1-4CA2-90FF-6D944AC70F6C}.Debug|Any CPU.Build.0 = Debug|Any CPU
		{93E49D31-EFD1-4CA2-90FF-6D944AC70F6C}.Release|Any CPU.ActiveCfg = Release|Any CPU
		{93E49D31-EFD1-4CA2-90FF-6D944AC70F6C}.Release|Any CPU.Build.0 = Release|Any CPU
	EndGlobalSection
	GlobalSection(SolutionProperties) = preSolution
		HideSolutionNode = FALSE
	EndGlobalSection
	GlobalSection(ExtensibilityGlobals) = postSolution
		SolutionGuid = {FDA77C62-185A-4166-81A8-B56204FFBC3C}
	EndGlobalSection
EndGlobal
